<?xml version="1.0" encoding="utf-8"?>
<Project ToolsVersion="4.0" xmlns="http://schemas.microsoft.com/developer/msbuild/2003">
  <ItemGroup>
    <Filter Include="源文件">
      <UniqueIdentifier>{4FC737F1-C7A5-4376-A066-2A32D752A2FF}</UniqueIdentifier>
      <Extensions>cpp;c;cc;cxx;def;odl;idl;hpj;bat;asm;asmx</Extensions>
    </Filter>
    <Filter Include="头文件">
      <UniqueIdentifier>{93995380-89BD-4b04-88EB-625FBE52EBFB}</UniqueIdentifier>
      <Extensions>h;hh;hpp;hxx;hm;inl;inc;xsd</Extensions>
    </Filter>
    <Filter Include="资源文件">
      <UniqueIdentifier>{67DA6AB6-F800-4c08-8B7A-83BB121AAD01}</UniqueIdentifier>
      <Extensions>rc;ico;cur;bmp;dlg;rc2;rct;bin;rgs;gif;jpg;jpeg;jpe;resx;tiff;tif;png;wav;mfcribbon-ms</Extensions>
    </Filter>
    <Filter Include="头文件\Math">
      <UniqueIdentifier>{b9874a68-1729-4f28-99fd-390ed8ca0d95}</UniqueIdentifier>
    </Filter>
    <Filter Include="头文件\ParallelStrategy">
      <UniqueIdentifier>{f907e108-57ee-41e8-8b14-5df36017731f}</UniqueIdentifier>
    </Filter>
    <Filter Include="头文件\Texture">
      <UniqueIdentifier>{1d75640e-b926-4281-b62f-bb0ea6486f42}</UniqueIdentifier>
    </Filter>
    <Filter Include="头文件\Texture\Sampler">
      <UniqueIdentifier>{2babec67-0047-46ea-b498-14a63fff4654}</UniqueIdentifier>
    </Filter>
    <Filter Include="头文件\Primitive">
      <UniqueIdentifier>{e4eafd98-0c37-4689-adb2-c71db8004b88}</UniqueIdentifier>
    </Filter>
    <Filter Include="头文件\Utils">
      <UniqueIdentifier>{5e0cc160-6e51-4ff5-906a-fc957ecce54c}</UniqueIdentifier>
    </Filter>
    <Filter Include="头文件\OutputMerger">
      <UniqueIdentifier>{9a0a4885-30fe-4cf6-a201-4e7e28f34573}</UniqueIdentifier>
    </Filter>
  </ItemGroup>
  <ItemGroup>
    <ClInclude Include="Vector2.h">
      <Filter>头文件\Math</Filter>
    </ClInclude>
    <ClInclude Include="Vector3.h">
      <Filter>头文件\Math</Filter>
    </ClInclude>
    <ClInclude Include="Vector4.h">
      <Filter>头文件\Math</Filter>
    </ClInclude>
    <ClInclude Include="VectorCommon.h">
      <Filter>头文件\Math</Filter>
    </ClInclude>
    <ClInclude Include="Number.h">
      <Filter>头文件\Math</Filter>
    </ClInclude>
    <ClInclude Include="Matrix2.h">
      <Filter>头文件\Math</Filter>
    </ClInclude>
    <ClInclude Include="Matrix3.h">
      <Filter>头文件\Math</Filter>
    </ClInclude>
    <ClInclude Include="Matrix4.h">
      <Filter>头文件\Math</Filter>
    </ClInclude>
    <ClInclude Include="MathCommon.h">
      <Filter>头文件\Math</Filter>
    </ClInclude>
    <ClInclude Include="SingleThreadRunner.h">
      <Filter>头文件\ParallelStrategy</Filter>
    </ClInclude>
    <ClInclude Include="MatrixTransform.h">
      <Filter>头文件\Math</Filter>
    </ClInclude>
    <ClInclude Include="MultiThreadRunner.h">
      <Filter>头文件\ParallelStrategy</Filter>
    </ClInclude>
    <ClInclude Include="ConcurrentQueue.h">
      <Filter>头文件\Utils</Filter>
    </ClInclude>
    <ClInclude Include="FixedTransform.h">
      <Filter>头文件\Primitive</Filter>
    </ClInclude>
    <ClInclude Include="RebuildTransform.h">
      <Filter>头文件\Primitive</Filter>
    </ClInclude>
    <ClInclude Include="Texture2D.h">
      <Filter>头文件\Texture</Filter>
    </ClInclude>
    <ClInclude Include="IndexBufferGenerator.h">
      <Filter>头文件\Primitive</Filter>
    </ClInclude>
    <ClInclude Include="PrimitiveListReader.h">
      <Filter>头文件\Primitive</Filter>
    </ClInclude>
    <ClInclude Include="PrimitiveStripReader.h">
      <Filter>头文件\Primitive</Filter>
    </ClInclude>
    <ClInclude Include="TypeMaxValues.h">
      <Filter>头文件\Math</Filter>
    </ClInclude>
    <ClInclude Include="Texture2DOutputPass.h">
      <Filter>头文件\OutputMerger</Filter>
    </ClInclude>
  </ItemGroup>
</Project>