<?xml version="1.0" encoding="utf-8"?>
<Project ToolsVersion="4.0" xmlns="http://schemas.microsoft.com/developer/msbuild/2003">
  <ItemGroup>
    <Filter Include="源文件">
      <UniqueIdentifier>{4FC737F1-C7A5-4376-A066-2A32D752A2FF}</UniqueIdentifier>
      <Extensions>cpp;c;cc;cxx;def;odl;idl;hpj;bat;asm;asmx</Extensions>
    </Filter>
    <Filter Include="头文件">
      <UniqueIdentifier>{93995380-89BD-4b04-88EB-625FBE52EBFB}</UniqueIdentifier>
      <Extensions>h;hh;hpp;hxx;hm;inl;inc;xsd</Extensions>
    </Filter>
    <Filter Include="资源文件">
      <UniqueIdentifier>{67DA6AB6-F800-4c08-8B7A-83BB121AAD01}</UniqueIdentifier>
      <Extensions>rc;ico;cur;bmp;dlg;rc2;rct;bin;rgs;gif;jpg;jpeg;jpe;resx;tiff;tif;png;wav;mfcribbon-ms</Extensions>
    </Filter>
    <Filter Include="源文件\MathTest">
      <UniqueIdentifier>{ae969c84-1731-46a8-affd-d10abafc2f5d}</UniqueIdentifier>
    </Filter>
    <Filter Include="源文件\ParallelStrategyTest">
      <UniqueIdentifier>{5f2d8864-186e-4cfb-b8bd-f091e40b169b}</UniqueIdentifier>
    </Filter>
    <Filter Include="源文件\PrimitiveTest">
      <UniqueIdentifier>{674a2241-1a10-4030-8671-dc89fcfb825a}</UniqueIdentifier>
    </Filter>
    <Filter Include="源文件\TextureTest">
      <UniqueIdentifier>{b8271136-3a14-412e-9077-8e866c1487f3}</UniqueIdentifier>
    </Filter>
    <Filter Include="源文件\TestTools">
      <UniqueIdentifier>{ee347a6d-6487-4de5-a8de-dfa1aae1da14}</UniqueIdentifier>
    </Filter>
    <Filter Include="源文件\RenderPipelineTest">
      <UniqueIdentifier>{c75d795f-c740-4607-85f9-ec9517bb467e}</UniqueIdentifier>
    </Filter>
  </ItemGroup>
  <ItemGroup>
    <ClInclude Include="stdafx.h">
      <Filter>头文件</Filter>
    </ClInclude>
    <ClInclude Include="targetver.h">
      <Filter>头文件</Filter>
    </ClInclude>
    <ClInclude Include="SurfaceViewer.h">
      <Filter>头文件</Filter>
    </ClInclude>
    <ClInclude Include="Blenders.h">
      <Filter>头文件</Filter>
    </ClInclude>
  </ItemGroup>
  <ItemGroup>
    <ClCompile Include="stdafx.cpp">
      <Filter>源文件</Filter>
    </ClCompile>
    <ClCompile Include="VectorTest.cpp">
      <Filter>源文件\MathTest</Filter>
    </ClCompile>
    <ClCompile Include="MatrixTest.cpp">
      <Filter>源文件\MathTest</Filter>
    </ClCompile>
    <ClCompile Include="MultiThreadRunnerTest.cpp">
      <Filter>源文件\ParallelStrategyTest</Filter>
    </ClCompile>
    <ClCompile Include="SingleThreadRunnerTest.cpp">
      <Filter>源文件\ParallelStrategyTest</Filter>
    </ClCompile>
    <ClCompile Include="MatrixTransformTest.cpp">
      <Filter>源文件\MathTest</Filter>
    </ClCompile>
    <ClCompile Include="FixedTransformTest.cpp">
      <Filter>源文件\PrimitiveTest</Filter>
    </ClCompile>
    <ClCompile Include="RebuildTransformTest.cpp">
      <Filter>源文件\PrimitiveTest</Filter>
    </ClCompile>
    <ClCompile Include="Texture2DTest.cpp">
      <Filter>源文件\TextureTest</Filter>
    </ClCompile>
    <ClCompile Include="IndexBufferGeneratorTest.cpp">
      <Filter>源文件\PrimitiveTest</Filter>
    </ClCompile>
    <ClCompile Include="PrimitiveListReaderTest.cpp">
      <Filter>源文件\PrimitiveTest</Filter>
    </ClCompile>
    <ClCompile Include="PrimitiveStripTest.cpp">
      <Filter>源文件\PrimitiveTest</Filter>
    </ClCompile>
    <ClCompile Include="SurfaceViewer.cpp">
      <Filter>源文件\TestTools</Filter>
    </ClCompile>
    <ClCompile Include="RenderTargetTest.cpp">
      <Filter>源文件\RenderPipelineTest</Filter>
    </ClCompile>
    <ClCompile Include="PixelShaderTest.cpp">
      <Filter>源文件\RenderPipelineTest</Filter>
    </ClCompile>
    <ClCompile Include="LineRasterizerTest.cpp">
      <Filter>源文件\RenderPipelineTest</Filter>
    </ClCompile>
  </ItemGroup>
</Project>